{
  "name": "dream_site",
  "lockfileVersion": 2,
  "requires": true,
  "packages": {
    "": {
      "dependencies": {
        "tether": "^2.0.0"
      }
    },
    "node_modules/tether": {
      "version": "2.0.0",
      "resolved": "https://registry.npmjs.org/tether/-/tether-2.0.0.tgz",
      "integrity": "sha512-iAkyBhwILpLIvkwzO5w5WUBtpYwxvzLRTO+sbzF3Uy7X4zznsy73v2b4sOQHXE3CQHeSNtB/YMU2Nn9tocbeBQ=="
    }
  },
  "dependencies": {
    "tether": {
      "version": "2.0.0",
      "resolved": "https://registry.npmjs.org/tether/-/tether-2.0.0.tgz",
      "integrity": "sha512-iAkyBhwILpLIvkwzO5w5WUBtpYwxvzLRTO+sbzF3Uy7X4zznsy73v2b4sOQHXE3CQHeSNtB/YMU2Nn9tocbeBQ=="
    }
  }
}
